{
  "name": "skstate",
  "lockfileVersion": 3,
  "requires": true,
  "packages": {
    "": {
      "name": "skstate",
      "dependencies": {
        "typed-skdb": "file:../typed-skdb"
      },
      "devDependencies": {
        "@types/bun": "latest",
        "@types/node": "^20.8.8",
        "typescript": "^5.4.3"
      },
      "engines": {
        "node": ">=20.7.0"
      }
    },
    "../typed-skdb": {
      "version": "0.1.0",
      "dependencies": {
        "skdb": "^0.0.63",
        "skdb-dev": "^0.1.20"
      },
      "devDependencies": {
        "@types/react": "^18.2.73",
        "typescript": "^5.4.3"
      }
    },
    "node_modules/@types/bun": {
      "version": "1.0.11",
      "resolved": "https://registry.npmjs.org/@types/bun/-/bun-1.0.11.tgz",
      "integrity": "sha512-kU4yU7vs/J/yIBoocc9j0sR/CxQ/WD4hSx3rl+WA2nLjcYuGR5aHJXVIBRcT5zvMmTt4CnSVkiONiWPob5trFg==",
      "dev": true,
      "dependencies": {
        "bun-types": "1.0.35"
      }
    },
    "node_modules/@types/node": {
      "version": "20.12.2",
      "resolved": "https://registry.npmjs.org/@types/node/-/node-20.12.2.tgz",
      "integrity": "sha512-zQ0NYO87hyN6Xrclcqp7f8ZbXNbRfoGWNcMvHTPQp9UUrwI0mI7XBz+cu7/W6/VClYo2g63B0cjull/srU7LgQ==",
      "dev": true,
      "dependencies": {
        "undici-types": "~5.26.4"
      }
    },
    "node_modules/@types/ws": {
      "version": "8.5.10",
      "resolved": "https://registry.npmjs.org/@types/ws/-/ws-8.5.10.tgz",
      "integrity": "sha512-vmQSUcfalpIq0R9q7uTo2lXs6eGIpt9wtnLdMv9LVpIjCA/+ufZRozlVoVelIYixx1ugCBKDhn89vnsEGOCx9A==",
      "dev": true,
      "dependencies": {
        "@types/node": "*"
      }
    },
    "node_modules/bun-types": {
      "version": "1.0.35",
      "resolved": "https://registry.npmjs.org/bun-types/-/bun-types-1.0.35.tgz",
      "integrity": "sha512-JlFllUCVMZbDyGfbv9dBWXd2tRdZSzyP1EWDKcTTVRViYNYX8AEsfpMN/vu6Hk8CBhKrhbbBkKZcNjJev8QQHQ==",
      "dev": true,
      "dependencies": {
        "@types/node": "~20.11.3",
        "@types/ws": "~8.5.10"
      }
    },
    "node_modules/bun-types/node_modules/@types/node": {
      "version": "20.11.30",
      "resolved": "https://registry.npmjs.org/@types/node/-/node-20.11.30.tgz",
      "integrity": "sha512-dHM6ZxwlmuZaRmUPfv1p+KrdD1Dci04FbdEm/9wEMouFqxYoFl5aMkt0VMAUtYRQDyYvD41WJLukhq/ha3YuTw==",
      "dev": true,
      "dependencies": {
        "undici-types": "~5.26.4"
      }
    },
    "node_modules/typed-skdb": {
      "resolved": "../typed-skdb",
      "link": true
    },
    "node_modules/typescript": {
      "version": "5.4.3",
      "resolved": "https://registry.npmjs.org/typescript/-/typescript-5.4.3.tgz",
      "integrity": "sha512-KrPd3PKaCLr78MalgiwJnA25Nm8HAmdwN3mYUYZgG/wizIo9EainNVQI9/yDavtVFRN2h3k8uf3GLHuhDMgEHg==",
      "dev": true,
      "bin": {
        "tsc": "bin/tsc",
        "tsserver": "bin/tsserver"
      },
      "engines": {
        "node": ">=14.17"
      }
    },
    "node_modules/undici-types": {
      "version": "5.26.5",
      "resolved": "https://registry.npmjs.org/undici-types/-/undici-types-5.26.5.tgz",
      "integrity": "sha512-JlCMO+ehdEIKqlFxk6IfVoAUVmgz7cU7zD/h9XZ0qzeosSHmUJVOzSQvvYSYWXkFXC+IfLKSIffhv0sVZup6pA==",
      "dev": true
    }
  }
}
